
Microsoft Visual Studio Solution File, Format Version 12.00
# Visual Studio Version 16
VisualStudioVersion = 16.0.30413.136
MinimumVisualStudioVersion = 10.0.40219.1
Project("{FAE04EC0-301F-11D3-BF4B-00C04F79EFBC}") = "LeetCode-Exercises", "LeetCode-Exercises\LeetCode-Exercises.csproj", "{A8347BF9-6C51-4DEC-9791-7C4704B5572F}"
EndProject
Project("{FAE04EC0-301F-11D3-BF4B-00C04F79EFBC}") = "LeetCode.UnitTests", "LeetCode.UnitTests\LeetCode.UnitTests.csproj", "{34DA2DCF-D32A-44E9-B954-20945908BA24}"
EndProject
Project("{FAE04EC0-301F-11D3-BF4B-00C04F79EFBC}") = "LeetCode", "LeetCode\LeetCode.csproj", "{13070682-B54B-4ED9-B368-05B59308B7F0}"
EndProject
Global
	GlobalSection(SolutionConfigurationPlatforms) = preSolution
		Debug|Any CPU = Debug|Any CPU
		Release|Any CPU = Release|Any CPU
	EndGlobalSection
	GlobalSection(ProjectConfigurationPlatforms) = postSolution
		{A8347BF9-6C51-4DEC-9791-7C4704B5572F}.Debug|Any CPU.ActiveCfg = Debug|Any CPU
		{A8347BF9-6C51-4DEC-9791-7C4704B5572F}.Debug|Any CPU.Build.0 = Debug|Any CPU
		{A8347BF9-6C51-4DEC-9791-7C4704B5572F}.Release|Any CPU.ActiveCfg = Release|Any CPU
		{A8347BF9-6C51-4DEC-9791-7C4704B5572F}.Release|Any CPU.Build.0 = Release|Any CPU
		{34DA2DCF-D32A-44E9-B954-20945908BA24}.Debug|Any CPU.ActiveCfg = Debug|Any CPU
		{34DA2DCF-D32A-44E9-B954-20945908BA24}.Debug|Any CPU.Build.0 = Debug|Any CPU
		{34DA2DCF-D32A-44E9-B954-20945908BA24}.Release|Any CPU.ActiveCfg = Release|Any CPU
		{34DA2DCF-D32A-44E9-B954-20945908BA24}.Release|Any CPU.Build.0 = Release|Any CPU
		{13070682-B54B-4ED9-B368-05B59308B7F0}.Debug|Any CPU.ActiveCfg = Debug|Any CPU
		{13070682-B54B-4ED9-B368-05B59308B7F0}.Debug|Any CPU.Build.0 = Debug|Any CPU
		{13070682-B54B-4ED9-B368-05B59308B7F0}.Release|Any CPU.ActiveCfg = Release|Any CPU
		{13070682-B54B-4ED9-B368-05B59308B7F0}.Release|Any CPU.Build.0 = Release|Any CPU
	EndGlobalSection
	GlobalSection(SolutionProperties) = preSolution
		HideSolutionNode = FALSE
	EndGlobalSection
	GlobalSection(ExtensibilityGlobals) = postSolution
		SolutionGuid = {538EA099-5596-4F38-8ABD-BDB0AC3319DC}
	EndGlobalSection
EndGlobal
